
Microsoft Visual Studio Solution File, Format Version 12.00
# Visual Studio Version 17
VisualStudioVersion = 17.11.35219.272
MinimumVisualStudioVersion = 10.0.40219.1
Project("{FAE04EC0-301F-11D3-BF4B-00C04F79EFBC}") = "FormUI", "FormUI\FormUI.csproj", "{B0802007-7CA4-4464-B71E-46A23132D8FD}"
EndProject
Global
	GlobalSection(SolutionConfigurationPlatforms) = preSolution
		Debug|Any CPU = Debug|Any CPU
		Release|Any CPU = Release|Any CPU
	EndGlobalSection
	GlobalSection(ProjectConfigurationPlatforms) = postSolution
		{B0802007-7CA4-4464-B71E-46A23132D8FD}.Debug|Any CPU.ActiveCfg = Debug|Any CPU
		{B0802007-7CA4-4464-B71E-46A23132D8FD}.Debug|Any CPU.Build.0 = Debug|Any CPU
		{B0802007-7CA4-4464-B71E-46A23132D8FD}.Release|Any CPU.ActiveCfg = Release|Any CPU
		{B0802007-7CA4-4464-B71E-46A23132D8FD}.Release|Any CPU.Build.0 = Release|Any CPU
	EndGlobalSection
	GlobalSection(SolutionProperties) = preSolution
		HideSolutionNode = FALSE
	EndGlobalSection
	GlobalSection(ExtensibilityGlobals) = postSolution
		SolutionGuid = {0221B581-2C8E-4258-92A2-83A048AFA3E8}
	EndGlobalSection
EndGlobal
